# This file is autogenerated, do not edit; changes may be undone by the next 'dep ensure'.


[[projects]]
  digest = "1:079f8f13669133a1f839bd40aa8ae2e9da0b2b87f11a22dd386c7d8fac4e4e6d"
  name = "github.com/SKF/proto"
  packages = ["common"]
  pruneopts = "UT"
  revision = "68f4d2cf0f554ad36b0e436aacaca6a5977f5c6b"
  version = "v1.20.0-go"

[[projects]]
  digest = "1:ffe9824d294da03b391f44e1ae8281281b4afc1bdaa9588c9097785e3af10cec"
  name = "github.com/davecgh/go-spew"
  packages = ["spew"]
  pruneopts = "UT"
  revision = "8991bc29aa16c548c550c7ff78260e27b9ab7c73"
  version = "v1.1.1"

[[projects]]
  digest = "1:76dc72490af7174349349838f2fe118996381b31ea83243812a97e5a0fd5ed55"
  name = "github.com/dgrijalva/jwt-go"
  packages = ["."]
  pruneopts = "UT"
  revision = "06ea1031745cb8b3dab3f6a236daf2b0aa468b7e"
  version = "v3.2.0"

[[projects]]
  digest = "1:239c4c7fd2159585454003d9be7207167970194216193a8a210b8d29576f19c9"
  name = "github.com/golang/protobuf"
  packages = [
    "proto",
    "ptypes",
    "ptypes/any",
    "ptypes/duration",
    "ptypes/timestamp",
  ]
  pruneopts = "UT"
  revision = "b5d812f8a3706043e23a9cd5babf2e5423744d30"
  version = "v1.3.1"

[[projects]]
  digest = "1:8f8811f9be822914c3a25c6a071e93beb4c805d7b026cbf298bc577bc1cc945b"
  name = "github.com/google/uuid"
  packages = ["."]
  pruneopts = "UT"
  revision = "064e2069ce9c359c118179501254f67d7d37ba24"
  version = "0.2"

[[projects]]
  digest = "1:3af6be4fee7c08f81f13d36f04ffb63ad4b6b5aaba12cce96095c7c2863d4912"
  name = "github.com/gorilla/mux"
  packages = ["."]
  pruneopts = "UT"
  revision = "ed099d42384823742bba0bf9a72b53b55c9e2e38"
  version = "v1.7.2"

[[projects]]
  digest = "1:c805a0558c867a671fc2dd1c6134b92a4d15c3fee5803abc70fdabdcb683ea0b"
  name = "github.com/grpc-ecosystem/go-grpc-middleware"
  packages = [
    ".",
    "tags",
  ]
  pruneopts = "UT"
  revision = "c250d6563d4d4c20252cd865923440e829844f4e"
  version = "v1.0.0"

[[projects]]
  digest = "1:67474f760e9ac3799f740db2c489e6423a4cde45520673ec123ac831ad849cb8"
  name = "github.com/hashicorp/golang-lru"
  packages = ["simplelru"]
  pruneopts = "UT"
  revision = "7087cb70de9f7a8bc0a10c375cb0d2280a8edf9c"
  version = "v0.5.1"

[[projects]]
  digest = "1:cf31692c14422fa27c83a05292eb5cbe0fb2775972e8f1f8446a71549bd8980b"
  name = "github.com/pkg/errors"
  packages = ["."]
  pruneopts = "UT"
  revision = "ba968bfe8b2f7e042a574c888954fccecfa385b4"
  version = "v0.8.1"

[[projects]]
  digest = "1:0028cb19b2e4c3112225cd871870f2d9cf49b9b4276531f03438a88e94be86fe"
  name = "github.com/pmezard/go-difflib"
  packages = ["difflib"]
  pruneopts = "UT"
  revision = "792786c7400a136282c1664665ae0a8db921c6c2"
  version = "v1.0.0"

[[projects]]
  digest = "1:5da8ce674952566deae4dbc23d07c85caafc6cfa815b0b3e03e41979cedb8750"
  name = "github.com/stretchr/testify"
  packages = [
    "assert",
    "require",
  ]
  pruneopts = "UT"
  revision = "ffdc059bfe9ce6a4e144ba849dbedead332c6053"
  version = "v1.3.0"

[[projects]]
  digest = "1:556be1f91ad1230445813f3f2daf752d6a07fc7577ab736beffabd308bf4a92d"
  name = "go.opencensus.io"
  packages = [
    ".",
    "internal",
    "trace",
    "trace/internal",
    "trace/tracestate",
  ]
  pruneopts = "UT"
  revision = "9c377598961b706d1542bd2d84d538b5094d596e"
  version = "v0.22.0"

[[projects]]
  digest = "1:a5158647b553c61877aa9ae74f4015000294e47981e6b8b07525edcbb0747c81"
  name = "go.uber.org/atomic"
  packages = ["."]
  pruneopts = "UT"
  revision = "df976f2515e274675050de7b3f42545de80594fd"
  version = "v1.4.0"

[[projects]]
  digest = "1:60bf2a5e347af463c42ed31a493d817f8a72f102543060ed992754e689805d1a"
  name = "go.uber.org/multierr"
  packages = ["."]
  pruneopts = "UT"
  revision = "3c4937480c32f4c13a875a1829af76c98ca3d40a"
  version = "v1.1.0"

[[projects]]
  digest = "1:676160e6a4722b08e0e26b11521d575c2cb2b6f0c679e1ee6178c5d8dee51e5e"
  name = "go.uber.org/zap"
  packages = [
    ".",
    "buffer",
    "internal/bufferpool",
    "internal/color",
    "internal/exit",
    "zapcore",
  ]
  pruneopts = "UT"
  revision = "27376062155ad36be76b0f12cf1572a221d3a48c"
  version = "v1.10.0"

[[projects]]
  branch = "master"
  digest = "1:b5936d38011189ba9b2e5890a38c7ffe0ac7f157eef2ddc0fe752117c50d394d"
  name = "golang.org/x/net"
  packages = [
    "context",
    "http/httpguts",
    "http2",
    "http2/hpack",
    "idna",
    "internal/timeseries",
    "trace",
  ]
  pruneopts = "UT"
  revision = "3b0461eec859c4b73bb64fdc8285971fd33e3938"

[[projects]]
  branch = "master"
  digest = "1:730ba27cd66db3b98ec8f51a6f20d45ec277d490cca36b1f54e31d3fcaf4840e"
  name = "golang.org/x/sys"
  packages = ["unix"]
  pruneopts = "UT"
  revision = "04f50cda93cbb67f2afa353c52f342100e80e625"

[[projects]]
  digest = "1:8d8faad6b12a3a4c819a3f9618cb6ee1fa1cfc33253abeeea8b55336721e3405"
  name = "golang.org/x/text"
  packages = [
    "collate",
    "collate/build",
    "internal/colltab",
    "internal/gen",
    "internal/language",
    "internal/language/compact",
    "internal/tag",
    "internal/triegen",
    "internal/ucd",
    "language",
    "secure/bidirule",
    "transform",
    "unicode/bidi",
    "unicode/cldr",
    "unicode/norm",
    "unicode/rangetable",
  ]
  pruneopts = "UT"
  revision = "342b2e1fbaa52c93f31447ad2c6abc048c63e475"
  version = "v0.3.2"

[[projects]]
  branch = "master"
  digest = "1:583a0c80f5e3a9343d33aea4aead1e1afcc0043db66fdf961ddd1fe8cd3a4faf"
  name = "google.golang.org/genproto"
  packages = ["googleapis/rpc/status"]
  pruneopts = "UT"
  revision = "eb59cef1c072c61ea4f7623910448d5e9c6a4455"

[[projects]]
  digest = "1:e8800ddadd6bce3bc0c5ffd7bc55dbdddc6e750956c10cc10271cade542fccbe"
  name = "google.golang.org/grpc"
  packages = [
    ".",
    "balancer",
    "balancer/base",
    "balancer/roundrobin",
    "binarylog/grpc_binarylog_v1",
    "codes",
    "connectivity",
    "credentials",
    "credentials/internal",
    "encoding",
    "encoding/proto",
    "grpclog",
    "internal",
    "internal/backoff",
    "internal/balancerload",
    "internal/binarylog",
    "internal/channelz",
    "internal/envconfig",
    "internal/grpcrand",
    "internal/grpcsync",
    "internal/syscall",
    "internal/transport",
    "keepalive",
    "metadata",
    "naming",
    "peer",
    "resolver",
    "resolver/dns",
    "resolver/passthrough",
    "stats",
    "status",
    "tap",
  ]
  pruneopts = "UT"
  revision = "501c41df7f472c740d0674ff27122f3f48c80ce7"
  version = "v1.21.1"

[solve-meta]
  analyzer-name = "dep"
  analyzer-version = 1
  input-imports = [
    "github.com/SKF/proto/common",
    "github.com/dgrijalva/jwt-go",
    "github.com/google/uuid",
    "github.com/gorilla/mux",
    "github.com/grpc-ecosystem/go-grpc-middleware",
    "github.com/grpc-ecosystem/go-grpc-middleware/tags",
    "github.com/pkg/errors",
    "github.com/stretchr/testify/assert",
    "github.com/stretchr/testify/require",
    "go.opencensus.io/trace",
    "go.uber.org/zap",
    "go.uber.org/zap/zapcore",
    "google.golang.org/grpc",
    "google.golang.org/grpc/metadata",
  ]
  solver-name = "gps-cdcl"
  solver-version = 1
